
Microsoft Visual Studio Solution File, Format Version 12.00
# Visual Studio Version 17
VisualStudioVersion = 17.4.33403.182
MinimumVisualStudioVersion = 10.0.40219.1
Project("{FAE04EC0-301F-11D3-BF4B-00C04F79EFBC}") = "SignalIrBasicChat", "SignalIrBasicChat.csproj", "{D1C8F376-A44A-4C3A-89C5-C4D7428DEFEE}"
EndProject
Global
	GlobalSection(SolutionConfigurationPlatforms) = preSolution
		Debug|Any CPU = Debug|Any CPU
		Release|Any CPU = Release|Any CPU
	EndGlobalSection
	GlobalSection(ProjectConfigurationPlatforms) = postSolution
		{D1C8F376-A44A-4C3A-89C5-C4D7428DEFEE}.Debug|Any CPU.ActiveCfg = Debug|Any CPU
		{D1C8F376-A44A-4C3A-89C5-C4D7428DEFEE}.Debug|Any CPU.Build.0 = Debug|Any CPU
		{D1C8F376-A44A-4C3A-89C5-C4D7428DEFEE}.Release|Any CPU.ActiveCfg = Release|Any CPU
		{D1C8F376-A44A-4C3A-89C5-C4D7428DEFEE}.Release|Any CPU.Build.0 = Release|Any CPU
	EndGlobalSection
	GlobalSection(SolutionProperties) = preSolution
		HideSolutionNode = FALSE
	EndGlobalSection
	GlobalSection(ExtensibilityGlobals) = postSolution
		SolutionGuid = {1358F4E1-AC12-4084-A405-BDD72AA32467}
	EndGlobalSection
EndGlobal
